<?xml version="1.0" encoding="UTF-8" standalone="yes" ?>
<CodeBlocks_project_file>
	<FileVersion major="1" minor="6" />
	<Project>
		<Option title="DownloadDaemon" />
		<Option pch_mode="2" />
		<Option compiler="gcc" />
		<Build>
			<Target title="Daemon">
				<Option platforms="Unix;" />
				<Option output="build/DownloadDaemon" prefix_auto="1" extension_auto="1" />
				<Option object_output="obj/Debug/" />
				<Option type="1" />
				<Option compiler="gcc" />
				<Compiler>
					<Add option="-pedantic-errors" />
					<Add option="-pedantic" />
					<Add option="-Wall" />
					<Add option="-g" />
				</Compiler>
				<Linker>
					<Add library="curl" />
					<Add library="boost_thread-mt" />
				</Linker>
			</Target>
			<Target title="DDClient">
				<Option platforms="Windows;Unix;" />
				<Option output="build/ddclient" prefix_auto="1" extension_auto="1" />
				<Option type="1" />
				<Option compiler="gcc" />
				<Option use_console_runner="0" />
				<Compiler>
					<Add option="-pedantic" />
					<Add option="-Wall" />
					<Add option="-g" />
				</Compiler>
				<Linker>
					<Add library="boost_thread-mt" />
				</Linker>
			</Target>
			<Target title="DDClient-wx">
				<Option output="build/ddclient-wx" prefix_auto="1" extension_auto="1" />
				<Option working_dir="built/" />
				<Option type="0" />
				<Option compiler="gcc" />
				<Compiler>
					<Add option="-Wall" />
					<Add option="-g" />
					<Add option="`wx-config --cflags`" />
				</Compiler>
				<Linker>
					<Add option="`wx-config --libs`" />
				</Linker>
			</Target>
			<Target title="rapidshare_com">
				<Option platforms="Unix;" />
				<Option output="build/plugins/rapidshare.com" prefix_auto="1" extension_auto="0" />
				<Option type="0" />
				<Option compiler="gcc" />
				<Option parameters="1 http://www.rapidshare.com/asdf" />
				<Compiler>
					<Add option="-pedantic" />
					<Add option="-Wall" />
					<Add option="-g" />
				</Compiler>
				<Linker>
					<Add library="curl" />
				</Linker>
			</Target>
			<Target title="uploaded_to">
				<Option platforms="Unix;" />
				<Option output="build/plugins/uploaded.to" prefix_auto="1" extension_auto="0" />
				<Option type="1" />
				<Option compiler="gcc" />
				<Option use_console_runner="0" />
				<Compiler>
					<Add option="-pedantic" />
					<Add option="-Wall" />
					<Add option="-g" />
				</Compiler>
				<Linker>
					<Add library="curl" />
				</Linker>
			</Target>
		</Build>
		<Compiler>
			<Add option="-Wall" />
			<Add option="-fexceptions" />
		</Compiler>
		<Unit filename="src/Doxyfile">
			<Option target="&lt;{~None~}&gt;" />
		</Unit>
		<Unit filename="src/daemon/dl/download.cpp">
			<Option target="Daemon" />
		</Unit>
		<Unit filename="src/daemon/dl/download.h">
			<Option target="Daemon" />
		</Unit>
		<Unit filename="src/daemon/dl/download_container.cpp">
			<Option target="Daemon" />
		</Unit>
		<Unit filename="src/daemon/dl/download_container.h">
			<Option target="Daemon" />
		</Unit>
		<Unit filename="src/daemon/dl/download_thread.cpp">
			<Option target="Daemon" />
		</Unit>
		<Unit filename="src/daemon/dl/download_thread.h">
			<Option target="Daemon" />
		</Unit>
		<Unit filename="src/daemon/downloaddaemon.cpp">
			<Option target="Daemon" />
		</Unit>
		<Unit filename="src/daemon/global.h">
			<Option target="Daemon" />
		</Unit>
		<Unit filename="src/daemon/mgmt/global_management.cpp">
			<Option target="Daemon" />
		</Unit>
		<Unit filename="src/daemon/mgmt/global_management.h">
			<Option target="Daemon" />
		</Unit>
		<Unit filename="src/daemon/mgmt/mgmt_thread.cpp">
			<Option target="Daemon" />
		</Unit>
		<Unit filename="src/daemon/mgmt/mgmt_thread.h">
			<Option target="Daemon" />
		</Unit>
		<Unit filename="src/daemon/plugins/rapidshare_com.cpp">
			<Option target="rapidshare_com" />
		</Unit>
		<Unit filename="src/daemon/plugins/uploaded_to.cpp">
			<Option target="uploaded_to" />
		</Unit>
		<Unit filename="src/daemon/tools/curl_callbacks.cpp">
			<Option target="Daemon" />
		</Unit>
		<Unit filename="src/daemon/tools/curl_callbacks.h">
			<Option target="Daemon" />
		</Unit>
		<Unit filename="src/daemon/tools/helperfunctions.cpp">
			<Option target="Daemon" />
		</Unit>
		<Unit filename="src/daemon/tools/helperfunctions.h">
			<Option target="Daemon" />
		</Unit>
		<Unit filename="src/ddclient-wx/ddclient-picture.cpp">
			<Option target="DDClient-wx" />
		</Unit>
		<Unit filename="src/ddclient-wx/ddclient-picture.h">
			<Option target="DDClient-wx" />
		</Unit>
		<Unit filename="src/ddclient-wx/ddclient-wx.cpp">
			<Option target="DDClient-wx" />
		</Unit>
		<Unit filename="src/ddclient-wx/ddclient-wx.h">
			<Option target="DDClient-wx" />
		</Unit>
		<Unit filename="src/ddclient-wx/ddclient-wx_main.cpp">
			<Option target="DDClient-wx" />
		</Unit>
		<Unit filename="src/ddclient-wx/ddclient-wx_main.h">
			<Option target="DDClient-wx" />
		</Unit>
		<Unit filename="src/ddclient/ddclient.cpp">
			<Option target="DDClient" />
		</Unit>
		<Unit filename="src/lib/bind/bind.h">
			<Option target="Daemon" />
			<Option target="DDClient" />
		</Unit>
		<Unit filename="src/lib/cfgfile/cfgfile.cpp">
			<Option target="Daemon" />
		</Unit>
		<Unit filename="src/lib/cfgfile/cfgfile.h">
			<Option target="Daemon" />
		</Unit>
		<Unit filename="src/lib/netpptk/netpptk.cpp">
			<Option target="Daemon" />
			<Option target="DDClient" />
		</Unit>
		<Unit filename="src/lib/netpptk/netpptk.h">
			<Option target="Daemon" />
			<Option target="DDClient" />
		</Unit>
		<Extensions>
			<envvars />
			<code_completion />
			<lib_finder disable_auto="1" />
			<debugger />
			<wxsmith version="1">
				<gui name="wxWidgets" src="src/ddclient-wx/ddclient-wx.cpp" main="ddclient_main" init_handlers="necessary" language="CPP" />
				<resources>
					<wxFrame wxs="wxsmith/ddclient_main.wxs" src="src/ddclient-wx/ddclient_main.cpp" hdr="src/ddclient-wx/ddclient-wx_main.h" name="ddclient_main" language="CPP" />
					<wxDialog wxs="wxsmith/connect_dlg.wxs" src="src/ddclient-wx/connect_dlg.cpp" hdr="src/ddclient-wx/connect_dlg.h" name="connect_dlg" language="CPP" />
					<wxDialog wxs="wxsmith/dlg_add.wxs" src="src/ddclient-wx/dlg_add.cpp" hdr="src/ddclient-wx/dlg_add.h" name="dlg_add" language="CPP" />
				</resources>
			</wxsmith>
		</Extensions>
	</Project>
</CodeBlocks_project_file>
