<?xml version="1.0" encoding="UTF-8" standalone="yes" ?>
<CodeBlocks_project_file>
	<FileVersion major="1" minor="6" />
	<Project>
		<Option title="DownloadDaemon" />
		<Option pch_mode="2" />
		<Option compiler="gcc" />
		<Build>
			<Target title="Daemon">
				<Option platforms="Unix;Mac;" />
				<Option output="build/bin/DownloadDaemon" prefix_auto="1" extension_auto="1" />
				<Option object_output="obj/Debug/" />
				<Option type="1" />
				<Option compiler="gcc" />
				<Compiler>
					<Add option="-Wshadow" />
					<Add option="-Winit-self" />
					<Add option="-Wredundant-decls" />
					<Add option="-std=c++0x" />
					<Add option="-Wall" />
					<Add option="-ansi" />
					<Add option="-g" />
					<Add directory="src/include/" />
				</Compiler>
				<Linker>
					<Add library="curl" />
					<Add library="boost_thread-mt" />
				</Linker>
			</Target>
			<Target title="DDConsole">
				<Option platforms="Windows;Unix;" />
				<Option output="build/bin/ddconsole" prefix_auto="1" extension_auto="1" />
				<Option type="1" />
				<Option compiler="gcc" />
				<Option use_console_runner="0" />
				<Compiler>
					<Add option="-pedantic" />
					<Add option="-Wall" />
					<Add option="-g" />
					<Add directory="src/include" />
				</Compiler>
			</Target>
			<Target title="ddclient-wx_unix">
				<Option platforms="Unix;Mac;" />
				<Option output="build/bin/ddclient-wx" prefix_auto="1" extension_auto="1" />
				<Option working_dir="built/" />
				<Option type="0" />
				<Option compiler="gcc" />
				<Compiler>
					<Add option="-Wall" />
					<Add option="-g" />
					<Add option="`wx-config --cflags`" />
					<Add directory="src/include/" />
				</Compiler>
				<Linker>
					<Add option="`wx-config --libs`" />
					<Add library="boost_thread-mt" />
				</Linker>
			</Target>
			<Target title="ddclient-wx_win">
				<Option platforms="Windows;" />
				<Option output="build/bin/ddclient-wx" prefix_auto="1" extension_auto="1" />
				<Option working_dir="built/" />
				<Option type="0" />
				<Option compiler="gcc" />
				<Compiler>
					<Add option="-O2" />
					<Add option="-Wall" />
					<Add option="-pipe" />
					<Add option="-mthreads" />
					<Add option="-fno-strict-aliasing" />
					<Add option='[[if (PLATFORM == PLATFORM_MSW &amp;&amp; (GetCompilerFactory().GetCompilerVersionString(_T(&quot;gcc&quot;)) &gt;= _T(&quot;4.0.0&quot;))) print(_T(&quot;-Wno-attributes&quot;));]]' />
					<Add option="-D__GNUWIN32__" />
					<Add option="-D__WXMSW__" />
					<Add option="-DWXMSW" />
					<Add option="-DWXUSINGDLL" />
					<Add option="-DwxUSE_UNICODE" />
					<Add option="-DNO_BOOST_THREAD" />
					<Add directory="$(#wx)/lib/gcc_dll/mswu" />
					<Add directory="$(#wx)/contrib/include" />
					<Add directory="$(#wx)/include" />
					<Add directory="src/include" />
				</Compiler>
				<ResourceCompiler>
					<Add directory="$(#wx)/include" />
				</ResourceCompiler>
				<Linker>
					<Add option="-s" />
					<Add library="libwxmsw28u.a" />
					<Add library="ws2_32" />
					<Add library="boost_thread-mgw44-mt-1_42" />
					<Add directory="$(#wx)/lib/gcc_dll" />
				</Linker>
			</Target>
			<Target title="rapidshare_com">
				<Option platforms="Unix;Mac;" />
				<Option output="build/share/downloaddaemon/plugins/librapidshare.com.so" prefix_auto="0" extension_auto="0" />
				<Option type="3" />
				<Option compiler="gcc" />
				<Compiler>
					<Add option="-pedantic" />
					<Add option="-std=c++0x" />
					<Add option="-Wall" />
					<Add option="-g" />
					<Add option="-fPIC" />
					<Add directory="src/include/" />
				</Compiler>
				<Linker>
					<Add library="curl" />
				</Linker>
			</Target>
			<Target title="uploaded_to">
				<Option platforms="Unix;Mac;" />
				<Option output="build/share/downloaddaemon/plugins/libuploaded.to.so" prefix_auto="0" extension_auto="0" />
				<Option type="3" />
				<Option compiler="gcc" />
				<Compiler>
					<Add option="-pedantic" />
					<Add option="-std=c++0x" />
					<Add option="-Wall" />
					<Add option="-g" />
					<Add option="-fPIC" />
					<Add directory="src/include/" />
				</Compiler>
				<Linker>
					<Add library="curl" />
				</Linker>
			</Target>
			<Target title="youtube_com">
				<Option platforms="Unix;Mac;" />
				<Option output="build/share/downloaddaemon/plugins/libyoutube.com.so" prefix_auto="0" extension_auto="0" />
				<Option type="3" />
				<Option compiler="gcc" />
				<Compiler>
					<Add option="-pedantic" />
					<Add option="-std=c++0x" />
					<Add option="-Wall" />
					<Add option="-g" />
					<Add option="-fPIC" />
					<Add directory="src/include/" />
				</Compiler>
				<Linker>
					<Add library="curl" />
				</Linker>
			</Target>
			<Target title="netload_in">
				<Option platforms="Unix;Mac;" />
				<Option output="build/share/downloaddaemon/plugins/libnetload.in.so" prefix_auto="0" extension_auto="0" />
				<Option type="3" />
				<Option compiler="gcc" />
				<Compiler>
					<Add option="-pedantic" />
					<Add option="-std=c++0x" />
					<Add option="-Wall" />
					<Add option="-g" />
					<Add option="-fPIC" />
					<Add directory="src/include/" />
				</Compiler>
				<Linker>
					<Add library="curl" />
				</Linker>
			</Target>
			<Target title="megaupload_com">
				<Option platforms="Unix;Mac;" />
				<Option output="build/share/downloaddaemon/plugins/libmegaupload.com.so" prefix_auto="0" extension_auto="0" />
				<Option type="3" />
				<Option compiler="gcc" />
				<Compiler>
					<Add option="-pedantic" />
					<Add option="-std=c++0x" />
					<Add option="-Wall" />
					<Add option="-g" />
					<Add option="-fPIC" />
					<Add directory="src/include/" />
				</Compiler>
				<Linker>
					<Add library="curl" />
				</Linker>
			</Target>
		</Build>
		<Compiler>
			<Add option="-Wall" />
			<Add option="-fexceptions" />
		</Compiler>
		<ResourceCompiler>
			<Add directory="$(#wx)/lib/gcc_dll/mswu" />
		</ResourceCompiler>
		<Unit filename="src/Doxyfile">
			<Option target="&lt;{~None~}&gt;" />
		</Unit>
		<Unit filename="src/daemon/dl/download.cpp">
			<Option target="Daemon" />
		</Unit>
		<Unit filename="src/daemon/dl/download.h">
			<Option target="Daemon" />
		</Unit>
		<Unit filename="src/daemon/dl/download_container.cpp">
			<Option target="Daemon" />
		</Unit>
		<Unit filename="src/daemon/dl/download_container.h">
			<Option target="Daemon" />
		</Unit>
		<Unit filename="src/daemon/dl/package_container.cpp">
			<Option target="Daemon" />
		</Unit>
		<Unit filename="src/daemon/dl/package_container.h">
			<Option target="Daemon" />
		</Unit>
		<Unit filename="src/daemon/dl/plugin_container.cpp">
			<Option target="Daemon" />
		</Unit>
		<Unit filename="src/daemon/dl/plugin_container.h">
			<Option target="Daemon" />
		</Unit>
		<Unit filename="src/daemon/dl/recursive_parser.cpp">
			<Option target="Daemon" />
		</Unit>
		<Unit filename="src/daemon/dl/recursive_parser.h">
			<Option target="Daemon" />
		</Unit>
		<Unit filename="src/daemon/downloaddaemon.cpp">
			<Option target="Daemon" />
		</Unit>
		<Unit filename="src/daemon/global.h">
			<Option target="Daemon" />
		</Unit>
		<Unit filename="src/daemon/mgmt/global_management.cpp">
			<Option target="Daemon" />
		</Unit>
		<Unit filename="src/daemon/mgmt/global_management.h">
			<Option target="Daemon" />
		</Unit>
		<Unit filename="src/daemon/mgmt/mgmt_thread.cpp">
			<Option target="Daemon" />
		</Unit>
		<Unit filename="src/daemon/mgmt/mgmt_thread.h">
			<Option target="Daemon" />
		</Unit>
		<Unit filename="src/daemon/plugins/captcha.cpp">
			<Option target="&lt;{~None~}&gt;" />
		</Unit>
		<Unit filename="src/daemon/plugins/captcha.h">
			<Option target="&lt;{~None~}&gt;" />
		</Unit>
		<Unit filename="src/daemon/plugins/megaupload_com.cpp">
			<Option target="megaupload_com" />
		</Unit>
		<Unit filename="src/daemon/plugins/netload_in.cpp">
			<Option target="netload_in" />
		</Unit>
		<Unit filename="src/daemon/plugins/plugin_helpers.h">
			<Option target="rapidshare_com" />
			<Option target="uploaded_to" />
			<Option target="youtube_com" />
			<Option target="netload_in" />
			<Option target="megaupload_com" />
		</Unit>
		<Unit filename="src/daemon/plugins/rapidshare_com.cpp">
			<Option target="rapidshare_com" />
		</Unit>
		<Unit filename="src/daemon/plugins/uploaded_to.cpp">
			<Option target="uploaded_to" />
		</Unit>
		<Unit filename="src/daemon/plugins/youtube_com.cpp">
			<Option target="youtube_com" />
		</Unit>
		<Unit filename="src/daemon/reconnect/reconnect_parser.cpp">
			<Option target="Daemon" />
		</Unit>
		<Unit filename="src/daemon/reconnect/reconnect_parser.h">
			<Option target="Daemon" />
		</Unit>
		<Unit filename="src/daemon/tools/curl_callbacks.cpp">
			<Option target="Daemon" />
		</Unit>
		<Unit filename="src/daemon/tools/curl_callbacks.h">
			<Option target="Daemon" />
		</Unit>
		<Unit filename="src/daemon/tools/helperfunctions.cpp">
			<Option target="Daemon" />
		</Unit>
		<Unit filename="src/daemon/tools/helperfunctions.h">
			<Option target="Daemon" />
		</Unit>
		<Unit filename="src/ddclient-wx/ddclient-wx.cpp">
			<Option target="ddclient-wx_win" />
			<Option target="ddclient-wx_unix" />
		</Unit>
		<Unit filename="src/ddclient-wx/ddclient-wx.h">
			<Option target="ddclient-wx_win" />
			<Option target="ddclient-wx_unix" />
		</Unit>
		<Unit filename="src/ddclient-wx/ddclient-wx_about_dialog.cpp">
			<Option target="ddclient-wx_win" />
			<Option target="ddclient-wx_unix" />
		</Unit>
		<Unit filename="src/ddclient-wx/ddclient-wx_about_dialog.h">
			<Option target="ddclient-wx_win" />
			<Option target="ddclient-wx_unix" />
		</Unit>
		<Unit filename="src/ddclient-wx/ddclient-wx_add_dialog.cpp">
			<Option target="ddclient-wx_win" />
			<Option target="ddclient-wx_unix" />
		</Unit>
		<Unit filename="src/ddclient-wx/ddclient-wx_add_dialog.h">
			<Option target="ddclient-wx_win" />
			<Option target="ddclient-wx_unix" />
		</Unit>
		<Unit filename="src/ddclient-wx/ddclient-wx_configure_dialog.cpp">
			<Option target="ddclient-wx_win" />
			<Option target="ddclient-wx_unix" />
		</Unit>
		<Unit filename="src/ddclient-wx/ddclient-wx_configure_dialog.h">
			<Option target="ddclient-wx_win" />
			<Option target="ddclient-wx_unix" />
		</Unit>
		<Unit filename="src/ddclient-wx/ddclient-wx_connect_dialog.cpp">
			<Option target="ddclient-wx_win" />
			<Option target="ddclient-wx_unix" />
		</Unit>
		<Unit filename="src/ddclient-wx/ddclient-wx_connect_dialog.h">
			<Option target="ddclient-wx_win" />
			<Option target="ddclient-wx_unix" />
		</Unit>
		<Unit filename="src/ddclient-wx/ddclient-wx_delete_dialog.cpp">
			<Option target="ddclient-wx_win" />
			<Option target="ddclient-wx_unix" />
		</Unit>
		<Unit filename="src/ddclient-wx/ddclient-wx_delete_dialog.h">
			<Option target="ddclient-wx_win" />
			<Option target="ddclient-wx_unix" />
		</Unit>
		<Unit filename="src/ddclient-wx/ddclient-wx_main.cpp">
			<Option target="ddclient-wx_win" />
			<Option target="ddclient-wx_unix" />
		</Unit>
		<Unit filename="src/ddclient-wx/ddclient-wx_main.h">
			<Option target="ddclient-wx_win" />
			<Option target="ddclient-wx_unix" />
		</Unit>
		<Unit filename="src/ddclient-wx/ddclient-wx_picture.cpp">
			<Option target="ddclient-wx_win" />
			<Option target="ddclient-wx_unix" />
		</Unit>
		<Unit filename="src/ddclient-wx/ddclient-wx_picture.h">
			<Option target="ddclient-wx_win" />
			<Option target="ddclient-wx_unix" />
		</Unit>
		<Unit filename="src/ddclient-wx/resource.rc">
			<Option compilerVar="WINDRES" />
			<Option target="ddclient-wx_win" />
		</Unit>
		<Unit filename="src/ddconsole/ddconsole.cpp">
			<Option target="DDConsole" />
		</Unit>
		<Unit filename="src/include/cfgfile/cfgfile.cpp">
			<Option target="Daemon" />
		</Unit>
		<Unit filename="src/include/cfgfile/cfgfile.h">
			<Option target="Daemon" />
		</Unit>
		<Unit filename="src/include/crypt/AES/aes.h">
			<Option target="Daemon" />
		</Unit>
		<Unit filename="src/include/crypt/AES/aes_cbc.cpp">
			<Option target="Daemon" />
		</Unit>
		<Unit filename="src/include/crypt/AES/aes_cfb.cpp">
			<Option target="Daemon" />
		</Unit>
		<Unit filename="src/include/crypt/AES/aes_core.cpp">
			<Option target="Daemon" />
		</Unit>
		<Unit filename="src/include/crypt/AES/aes_locl.h">
			<Option target="Daemon" />
		</Unit>
		<Unit filename="src/include/crypt/base64.cpp">
			<Option target="Daemon" />
		</Unit>
		<Unit filename="src/include/crypt/base64.h">
			<Option target="Daemon" />
		</Unit>
		<Unit filename="src/include/crypt/md5.cpp">
			<Option target="Daemon" />
			<Option target="DDConsole" />
			<Option target="ddclient-wx_win" />
			<Option target="ddclient-wx_unix" />
		</Unit>
		<Unit filename="src/include/crypt/md5.h">
			<Option target="Daemon" />
			<Option target="DDConsole" />
			<Option target="ddclient-wx_win" />
			<Option target="ddclient-wx_unix" />
		</Unit>
		<Unit filename="src/include/downloadc/client_exception.cpp">
			<Option target="ddclient-wx_unix" />
			<Option target="ddclient-wx_win" />
		</Unit>
		<Unit filename="src/include/downloadc/client_exception.h">
			<Option target="ddclient-wx_unix" />
			<Option target="ddclient-wx_win" />
		</Unit>
		<Unit filename="src/include/downloadc/downloadc.cpp">
			<Option target="ddclient-wx_unix" />
			<Option target="ddclient-wx_win" />
		</Unit>
		<Unit filename="src/include/downloadc/downloadc.h">
			<Option target="ddclient-wx_unix" />
			<Option target="ddclient-wx_win" />
		</Unit>
		<Unit filename="src/include/language/language.cpp">
			<Option target="ddclient-wx_unix" />
			<Option target="ddclient-wx_win" />
		</Unit>
		<Unit filename="src/include/language/language.h">
			<Option target="ddclient-wx_unix" />
			<Option target="ddclient-wx_win" />
		</Unit>
		<Unit filename="src/include/netpptk/netpptk.cpp">
			<Option target="Daemon" />
			<Option target="DDConsole" />
			<Option target="ddclient-wx_win" />
			<Option target="ddclient-wx_unix" />
		</Unit>
		<Unit filename="src/include/netpptk/netpptk.h">
			<Option target="Daemon" />
			<Option target="DDConsole" />
			<Option target="ddclient-wx_win" />
			<Option target="ddclient-wx_unix" />
		</Unit>
		<Extensions>
			<envvars />
			<code_completion />
			<lib_finder disable_auto="1" />
			<debugger />
			<wxsmith version="1">
				<gui name="wxWidgets" src="src/ddclient-wx/ddclient-wx.cpp" main="ddclient_main" init_handlers="necessary" language="CPP" />
				<resources>
					<wxFrame wxs="wxsmith/ddclient_main.wxs" src="src/ddclient-wx/ddclient_main.cpp" hdr="src/ddclient-wx/ddclient-wx_main.h" name="ddclient_main" language="CPP" />
					<wxDialog wxs="wxsmith/connect_dlg.wxs" src="src/ddclient-wx/connect_dlg.cpp" hdr="src/ddclient-wx/connect_dlg.h" name="connect_dlg" language="CPP" />
					<wxDialog wxs="wxsmith/dlg_add.wxs" src="src/ddclient-wx/dlg_add.cpp" hdr="src/ddclient-wx/dlg_add.h" name="dlg_add" language="CPP" />
				</resources>
			</wxsmith>
		</Extensions>
	</Project>
</CodeBlocks_project_file>
